
Microsoft Visual Studio Solution File, Format Version 12.00
# Visual Studio Version 16
VisualStudioVersion = 16.0.31129.286
MinimumVisualStudioVersion = 10.0.40219.1
Project("{9A19103F-16F7-4668-BE54-9A1E7A4F7556}") = "ClassesTrackerUI", "ClassesTracker\ClassesTrackerUI.csproj", "{E71C8D3C-853F-4A08-A39A-DFC1A5DC19E9}"
EndProject
Project("{9A19103F-16F7-4668-BE54-9A1E7A4F7556}") = "TrackerModel", "TrackerModel\TrackerModel.csproj", "{F34E7D4C-B600-48A3-8094-7ADD9A581735}"
EndProject
<<<<<<< HEAD
Project("{54435603-DBB4-11D2-8724-00A0C9A8B90C}") = "ClassesTrackerSetup", "ClassesTrackerSetup\ClassesTrackerSetup.vdproj", "{C4C19241-0895-455A-BA74-F7EE5440EAB7}"
EndProject
=======
>>>>>>> master
Global
	GlobalSection(SolutionConfigurationPlatforms) = preSolution
		Debug|Any CPU = Debug|Any CPU
		Debug|x64 = Debug|x64
		Debug|x86 = Debug|x86
		Release|Any CPU = Release|Any CPU
		Release|x64 = Release|x64
		Release|x86 = Release|x86
	EndGlobalSection
	GlobalSection(ProjectConfigurationPlatforms) = postSolution
		{E71C8D3C-853F-4A08-A39A-DFC1A5DC19E9}.Debug|Any CPU.ActiveCfg = Debug|Any CPU
		{E71C8D3C-853F-4A08-A39A-DFC1A5DC19E9}.Debug|Any CPU.Build.0 = Debug|Any CPU
		{E71C8D3C-853F-4A08-A39A-DFC1A5DC19E9}.Debug|x64.ActiveCfg = Debug|x64
		{E71C8D3C-853F-4A08-A39A-DFC1A5DC19E9}.Debug|x64.Build.0 = Debug|x64
		{E71C8D3C-853F-4A08-A39A-DFC1A5DC19E9}.Debug|x86.ActiveCfg = Debug|x86
		{E71C8D3C-853F-4A08-A39A-DFC1A5DC19E9}.Debug|x86.Build.0 = Debug|x86
		{E71C8D3C-853F-4A08-A39A-DFC1A5DC19E9}.Release|Any CPU.ActiveCfg = Release|Any CPU
		{E71C8D3C-853F-4A08-A39A-DFC1A5DC19E9}.Release|Any CPU.Build.0 = Release|Any CPU
		{E71C8D3C-853F-4A08-A39A-DFC1A5DC19E9}.Release|x64.ActiveCfg = Release|x64
		{E71C8D3C-853F-4A08-A39A-DFC1A5DC19E9}.Release|x64.Build.0 = Release|x64
		{E71C8D3C-853F-4A08-A39A-DFC1A5DC19E9}.Release|x86.ActiveCfg = Release|Any CPU
		{E71C8D3C-853F-4A08-A39A-DFC1A5DC19E9}.Release|x86.Build.0 = Release|Any CPU
		{F34E7D4C-B600-48A3-8094-7ADD9A581735}.Debug|Any CPU.ActiveCfg = Debug|Any CPU
		{F34E7D4C-B600-48A3-8094-7ADD9A581735}.Debug|Any CPU.Build.0 = Debug|Any CPU
		{F34E7D4C-B600-48A3-8094-7ADD9A581735}.Debug|x64.ActiveCfg = Debug|x64
		{F34E7D4C-B600-48A3-8094-7ADD9A581735}.Debug|x64.Build.0 = Debug|x64
		{F34E7D4C-B600-48A3-8094-7ADD9A581735}.Debug|x86.ActiveCfg = Debug|x86
		{F34E7D4C-B600-48A3-8094-7ADD9A581735}.Debug|x86.Build.0 = Debug|x86
		{F34E7D4C-B600-48A3-8094-7ADD9A581735}.Release|Any CPU.ActiveCfg = Release|Any CPU
		{F34E7D4C-B600-48A3-8094-7ADD9A581735}.Release|Any CPU.Build.0 = Release|Any CPU
		{F34E7D4C-B600-48A3-8094-7ADD9A581735}.Release|x64.ActiveCfg = Release|x64
		{F34E7D4C-B600-48A3-8094-7ADD9A581735}.Release|x64.Build.0 = Release|x64
		{F34E7D4C-B600-48A3-8094-7ADD9A581735}.Release|x86.ActiveCfg = Release|Any CPU
		{F34E7D4C-B600-48A3-8094-7ADD9A581735}.Release|x86.Build.0 = Release|Any CPU
<<<<<<< HEAD
		{C4C19241-0895-455A-BA74-F7EE5440EAB7}.Debug|Any CPU.ActiveCfg = Debug
		{C4C19241-0895-455A-BA74-F7EE5440EAB7}.Debug|x64.ActiveCfg = Debug
		{C4C19241-0895-455A-BA74-F7EE5440EAB7}.Debug|x64.Build.0 = Debug
		{C4C19241-0895-455A-BA74-F7EE5440EAB7}.Debug|x86.ActiveCfg = Debug
		{C4C19241-0895-455A-BA74-F7EE5440EAB7}.Debug|x86.Build.0 = Debug
		{C4C19241-0895-455A-BA74-F7EE5440EAB7}.Release|Any CPU.ActiveCfg = Release
		{C4C19241-0895-455A-BA74-F7EE5440EAB7}.Release|x64.ActiveCfg = Release
		{C4C19241-0895-455A-BA74-F7EE5440EAB7}.Release|x64.Build.0 = Release
		{C4C19241-0895-455A-BA74-F7EE5440EAB7}.Release|x86.ActiveCfg = Release
		{C4C19241-0895-455A-BA74-F7EE5440EAB7}.Release|x86.Build.0 = Release
=======
>>>>>>> master
	EndGlobalSection
	GlobalSection(SolutionProperties) = preSolution
		HideSolutionNode = FALSE
	EndGlobalSection
	GlobalSection(ExtensibilityGlobals) = postSolution
		SolutionGuid = {DB06D3FC-BA1D-4301-8906-1CDB7CE1AFB5}
	EndGlobalSection
EndGlobal
